
Microsoft Visual Studio Solution File, Format Version 12.00
# Visual Studio Version 17
VisualStudioVersion = 17.9.34723.18
MinimumVisualStudioVersion = 10.0.40219.1
Project("{C9674DCB-5085-4A16-B785-4C70DD1589BD}") = "K Assessment Asolution", "K Assessment Asolution.dtproj", "{1DD386DC-8C59-45C5-A64C-798C430E7E4C}"
EndProject
Global
	GlobalSection(SolutionConfigurationPlatforms) = preSolution
		Development|Default = Development|Default
	EndGlobalSection
	GlobalSection(ProjectConfigurationPlatforms) = postSolution
		{1DD386DC-8C59-45C5-A64C-798C430E7E4C}.Development|Default.ActiveCfg = Development
		{1DD386DC-8C59-45C5-A64C-798C430E7E4C}.Development|Default.Build.0 = Development
	EndGlobalSection
	GlobalSection(SolutionProperties) = preSolution
		HideSolutionNode = FALSE
	EndGlobalSection
	GlobalSection(ExtensibilityGlobals) = postSolution
		SolutionGuid = {B69691EB-57ED-46B8-BF53-5DCD8ACF9E5A}
	EndGlobalSection
EndGlobal
